// !$*UTF8*$!
{
	archiveVersion = 1;
	classes = {
	};
	objectVersion = 50;
	objects = {

/* Begin PBXBuildFile section */
		A505313B2305F79500EA26D9 /* AppDelegate.swift in Sources */ = {isa = PBXBuildFile; fileRef = A505313A2305F79500EA26D9 /* AppDelegate.swift */; };
		A50531402305F79500EA26D9 /* Main.storyboard in Resources */ = {isa = PBXBuildFile; fileRef = A505313E2305F79500EA26D9 /* Main.storyboard */; };
		A50531422305F79600EA26D9 /* Assets.xcassets in Resources */ = {isa = PBXBuildFile; fileRef = A50531412305F79600EA26D9 /* Assets.xcassets */; };
		A50531452305F79600EA26D9 /* LaunchScreen.storyboard in Resources */ = {isa = PBXBuildFile; fileRef = A50531432305F79600EA26D9 /* LaunchScreen.storyboard */; };
		A505314F2305F98200EA26D9 /* Photo.swift in Sources */ = {isa = PBXBuildFile; fileRef = A505314E2305F98200EA26D9 /* Photo.swift */; };
		A50531512305FA3300EA26D9 /* PhotoController.swift in Sources */ = {isa = PBXBuildFile; fileRef = A50531502305FA3300EA26D9 /* PhotoController.swift */; };
		A5053153230615CD00EA26D9 /* PhotoItemTableViewCell.swift in Sources */ = {isa = PBXBuildFile; fileRef = A5053152230615CD00EA26D9 /* PhotoItemTableViewCell.swift */; };
		A5053155230615E000EA26D9 /* PhotoTableViewController.swift in Sources */ = {isa = PBXBuildFile; fileRef = A5053154230615E000EA26D9 /* PhotoTableViewController.swift */; };
/* End PBXBuildFile section */

/* Begin PBXFileReference section */
		A50531372305F79500EA26D9 /* PhotoShare.app */ = {isa = PBXFileReference; explicitFileType = wrapper.application; includeInIndex = 0; path = PhotoShare.app; sourceTree = BUILT_PRODUCTS_DIR; };
		A505313A2305F79500EA26D9 /* AppDelegate.swift */ = {isa = PBXFileReference; lastKnownFileType = sourcecode.swift; path = AppDelegate.swift; sourceTree = "<group>"; };
		A505313F2305F79500EA26D9 /* Base */ = {isa = PBXFileReference; lastKnownFileType = file.storyboard; name = Base; path = Base.lproj/Main.storyboard; sourceTree = "<group>"; };
		A50531412305F79600EA26D9 /* Assets.xcassets */ = {isa = PBXFileReference; lastKnownFileType = folder.assetcatalog; path = Assets.xcassets; sourceTree = "<group>"; };
		A50531442305F79600EA26D9 /* Base */ = {isa = PBXFileReference; lastKnownFileType = file.storyboard; name = Base; path = Base.lproj/LaunchScreen.storyboard; sourceTree = "<group>"; };
		A50531462305F79600EA26D9 /* Info.plist */ = {isa = PBXFileReference; lastKnownFileType = text.plist.xml; path = Info.plist; sourceTree = "<group>"; };
		A505314E2305F98200EA26D9 /* Photo.swift */ = {isa = PBXFileReference; lastKnownFileType = sourcecode.swift; path = Photo.swift; sourceTree = "<group>"; };
		A50531502305FA3300EA26D9 /* PhotoController.swift */ = {isa = PBXFileReference; lastKnownFileType = sourcecode.swift; path = PhotoController.swift; sourceTree = "<group>"; };
		A5053152230615CD00EA26D9 /* PhotoItemTableViewCell.swift */ = {isa = PBXFileReference; lastKnownFileType = sourcecode.swift; path = PhotoItemTableViewCell.swift; sourceTree = "<group>"; };
		A5053154230615E000EA26D9 /* PhotoTableViewController.swift */ = {isa = PBXFileReference; lastKnownFileType = sourcecode.swift; path = PhotoTableViewController.swift; sourceTree = "<group>"; };
/* End PBXFileReference section */

/* Begin PBXFrameworksBuildPhase section */
		A50531342305F79500EA26D9 /* Frameworks */ = {
			isa = PBXFrameworksBuildPhase;
			buildActionMask = 2147483647;
			files = (
			);
			runOnlyForDeploymentPostprocessing = 0;
		};
/* End PBXFrameworksBuildPhase section */

/* Begin PBXGroup section */
		A505312E2305F79500EA26D9 = {
			isa = PBXGroup;
			children = (
				A50531392305F79500EA26D9 /* PhotoShare */,
				A50531382305F79500EA26D9 /* Products */,
			);
			sourceTree = "<group>";
		};
		A50531382305F79500EA26D9 /* Products */ = {
			isa = PBXGroup;
			children = (
				A50531372305F79500EA26D9 /* PhotoShare.app */,
			);
			name = Products;
			sourceTree = "<group>";
		};
		A50531392305F79500EA26D9 /* PhotoShare */ = {
			isa = PBXGroup;
			children = (
				A5053156230615F800EA26D9 /* Views+Controller */,
				A505314D2305F8CD00EA26D9 /* Model */,
				A505314C2305F7B000EA26D9 /* Resources */,
				A505313E2305F79500EA26D9 /* Main.storyboard */,
			);
			path = PhotoShare;
			sourceTree = "<group>";
		};
		A505314C2305F7B000EA26D9 /* Resources */ = {
			isa = PBXGroup;
			children = (
				A505313A2305F79500EA26D9 /* AppDelegate.swift */,
				A50531412305F79600EA26D9 /* Assets.xcassets */,
				A50531432305F79600EA26D9 /* LaunchScreen.storyboard */,
				A50531462305F79600EA26D9 /* Info.plist */,
			);
			path = Resources;
			sourceTree = "<group>";
		};
		A505314D2305F8CD00EA26D9 /* Model */ = {
			isa = PBXGroup;
			children = (
				A505314E2305F98200EA26D9 /* Photo.swift */,
				A50531502305FA3300EA26D9 /* PhotoController.swift */,
			);
			path = Model;
			sourceTree = "<group>";
		};
		A5053156230615F800EA26D9 /* Views+Controller */ = {
			isa = PBXGroup;
			children = (
				A5053152230615CD00EA26D9 /* PhotoItemTableViewCell.swift */,
				A5053154230615E000EA26D9 /* PhotoTableViewController.swift */,
			);
			path = "Views+Controller";
			sourceTree = "<group>";
		};
/* End PBXGroup section */

/* Begin PBXNativeTarget section */
		A50531362305F79500EA26D9 /* PhotoShare */ = {
			isa = PBXNativeTarget;
			buildConfigurationList = A50531492305F79600EA26D9 /* Build configuration list for PBXNativeTarget "PhotoShare" */;
			buildPhases = (
				A50531332305F79500EA26D9 /* Sources */,
				A50531342305F79500EA26D9 /* Frameworks */,
				A50531352305F79500EA26D9 /* Resources */,
			);
			buildRules = (
			);
			dependencies = (
			);
			name = PhotoShare;
			productName = PhotoShare;
			productReference = A50531372305F79500EA26D9 /* PhotoShare.app */;
			productType = "com.apple.product-type.application";
		};
/* End PBXNativeTarget section */

/* Begin PBXProject section */
		A505312F2305F79500EA26D9 /* Project object */ = {
			isa = PBXProject;
			attributes = {
				LastSwiftUpdateCheck = 1030;
				LastUpgradeCheck = 1030;
				ORGANIZATIONNAME = "Michael Moore";
				TargetAttributes = {
					A50531362305F79500EA26D9 = {
						CreatedOnToolsVersion = 10.3;
					};
				};
			};
			buildConfigurationList = A50531322305F79500EA26D9 /* Build configuration list for PBXProject "PhotoShare" */;
			compatibilityVersion = "Xcode 9.3";
			developmentRegion = en;
			hasScannedForEncodings = 0;
			knownRegions = (
				en,
				Base,
			);
			mainGroup = A505312E2305F79500EA26D9;
			productRefGroup = A50531382305F79500EA26D9 /* Products */;
			projectDirPath = "";
			projectRoot = "";
			targets = (
				A50531362305F79500EA26D9 /* PhotoShare */,
			);
		};
/* End PBXProject section */

/* Begin PBXResourcesBuildPhase section */
		A50531352305F79500EA26D9 /* Resources */ = {
			isa = PBXResourcesBuildPhase;
			buildActionMask = 2147483647;
			files = (
				A50531452305F79600EA26D9 /* LaunchScreen.storyboard in Resources */,
				A50531422305F79600EA26D9 /* Assets.xcassets in Resources */,
				A50531402305F79500EA26D9 /* Main.storyboard in Resources */,
			);
			runOnlyForDeploymentPostprocessing = 0;
		};
/* End PBXResourcesBuildPhase section */

/* Begin PBXSourcesBuildPhase section */
		A50531332305F79500EA26D9 /* Sources */ = {
			isa = PBXSourcesBuildPhase;
			buildActionMask = 2147483647;
			files = (
				A50531512305FA3300EA26D9 /* PhotoController.swift in Sources */,
				A505314F2305F98200EA26D9 /* Photo.swift in Sources */,
				A5053155230615E000EA26D9 /* PhotoTableViewController.swift in Sources */,
				A505313B2305F79500EA26D9 /* AppDelegate.swift in Sources */,
				A5053153230615CD00EA26D9 /* PhotoItemTableViewCell.swift in Sources */,
			);
			runOnlyForDeploymentPostprocessing = 0;
		};
/* End PBXSourcesBuildPhase section */

/* Begin PBXVariantGroup section */
		A505313E2305F79500EA26D9 /* Main.storyboard */ = {
			isa = PBXVariantGroup;
			children = (
				A505313F2305F79500EA26D9 /* Base */,
			);
			name = Main.storyboard;
			sourceTree = "<group>";
		};
		A50531432305F79600EA26D9 /* LaunchScreen.storyboard */ = {
			isa = PBXVariantGroup;
			children = (
				A50531442305F79600EA26D9 /* Base */,
			);
			name = LaunchScreen.storyboard;
			sourceTree = "<group>";
		};
/* End PBXVariantGroup section */

/* Begin XCBuildConfiguration section */
		A50531472305F79600EA26D9 /* Debug */ = {
			isa = XCBuildConfiguration;
			buildSettings = {
				ALWAYS_SEARCH_USER_PATHS = NO;
				CLANG_ANALYZER_NONNULL = YES;
				CLANG_ANALYZER_NUMBER_OBJECT_CONVERSION = YES_AGGRESSIVE;
				CLANG_CXX_LANGUAGE_STANDARD = "gnu++14";
				CLANG_CXX_LIBRARY = "libc++";
				CLANG_ENABLE_MODULES = YES;
				CLANG_ENABLE_OBJC_ARC = YES;
				CLANG_ENABLE_OBJC_WEAK = YES;
				CLANG_WARN_BLOCK_CAPTURE_AUTORELEASING = YES;
				CLANG_WARN_BOOL_CONVERSION = YES;
				CLANG_WARN_COMMA = YES;
				CLANG_WARN_CONSTANT_CONVERSION = YES;
				CLANG_WARN_DEPRECATED_OBJC_IMPLEMENTATIONS = YES;
				CLANG_WARN_DIRECT_OBJC_ISA_USAGE = YES_ERROR;
				CLANG_WARN_DOCUMENTATION_COMMENTS = YES;
				CLANG_WARN_EMPTY_BODY = YES;
				CLANG_WARN_ENUM_CONVERSION = YES;
				CLANG_WARN_INFINITE_RECURSION = YES;
				CLANG_WARN_INT_CONVERSION = YES;
				CLANG_WARN_NON_LITERAL_NULL_CONVERSION = YES;
				CLANG_WARN_OBJC_IMPLICIT_RETAIN_SELF = YES;
				CLANG_WARN_OBJC_LITERAL_CONVERSION = YES;
				CLANG_WARN_OBJC_ROOT_CLASS = YES_ERROR;
				CLANG_WARN_RANGE_LOOP_ANALYSIS = YES;
				CLANG_WARN_STRICT_PROTOTYPES = YES;
				CLANG_WARN_SUSPICIOUS_MOVE = YES;
				CLANG_WARN_UNGUARDED_AVAILABILITY = YES_AGGRESSIVE;
				CLANG_WARN_UNREACHABLE_CODE = YES;
				CLANG_WARN__DUPLICATE_METHOD_MATCH = YES;
				CODE_SIGN_IDENTITY = "iPhone Developer";
				COPY_PHASE_STRIP = NO;
				DEBUG_INFORMATION_FORMAT = dwarf;
				ENABLE_STRICT_OBJC_MSGSEND = YES;
				ENABLE_TESTABILITY = YES;
				GCC_C_LANGUAGE_STANDARD = gnu11;
				GCC_DYNAMIC_NO_PIC = NO;
				GCC_NO_COMMON_BLOCKS = YES;
				GCC_OPTIMIZATION_LEVEL = 0;
				GCC_PREPROCESSOR_DEFINITIONS = (
					"DEBUG=1",
					"$(inherited)",
				);
				GCC_WARN_64_TO_32_BIT_CONVERSION = YES;
				GCC_WARN_ABOUT_RETURN_TYPE = YES_ERROR;
				GCC_WARN_UNDECLARED_SELECTOR = YES;
				GCC_WARN_UNINITIALIZED_AUTOS = YES_AGGRESSIVE;
				GCC_WARN_UNUSED_FUNCTION = YES;
				GCC_WARN_UNUSED_VARIABLE = YES;
				IPHONEOS_DEPLOYMENT_TARGET = 12.4;
				MTL_ENABLE_DEBUG_INFO = INCLUDE_SOURCE;
				MTL_FAST_MATH = YES;
				ONLY_ACTIVE_ARCH = YES;
				SDKROOT = iphoneos;
				SWIFT_ACTIVE_COMPILATION_CONDITIONS = DEBUG;
				SWIFT_OPTIMIZATION_LEVEL = "-Onone";
			};
			name = Debug;
		};
		A50531482305F79600EA26D9 /* Release */ = {
			isa = XCBuildConfiguration;
			buildSettings = {
				ALWAYS_SEARCH_USER_PATHS = NO;
				CLANG_ANALYZER_NONNULL = YES;
				CLANG_ANALYZER_NUMBER_OBJECT_CONVERSION = YES_AGGRESSIVE;
				CLANG_CXX_LANGUAGE_STANDARD = "gnu++14";
				CLANG_CXX_LIBRARY = "libc++";
				CLANG_ENABLE_MODULES = YES;
				CLANG_ENABLE_OBJC_ARC = YES;
				CLANG_ENABLE_OBJC_WEAK = YES;
				CLANG_WARN_BLOCK_CAPTURE_AUTORELEASING = YES;
				CLANG_WARN_BOOL_CONVERSION = YES;
				CLANG_WARN_COMMA = YES;
				CLANG_WARN_CONSTANT_CONVERSION = YES;
				CLANG_WARN_DEPRECATED_OBJC_IMPLEMENTATIONS = YES;
				CLANG_WARN_DIRECT_OBJC_ISA_USAGE = YES_ERROR;
				CLANG_WARN_DOCUMENTATION_COMMENTS = YES;
				CLANG_WARN_EMPTY_BODY = YES;
				CLANG_WARN_ENUM_CONVERSION = YES;
				CLANG_WARN_INFINITE_RECURSION = YES;
				CLANG_WARN_INT_CONVERSION = YES;
				CLANG_WARN_NON_LITERAL_NULL_CONVERSION = YES;
				CLANG_WARN_OBJC_IMPLICIT_RETAIN_SELF = YES;
				CLANG_WARN_OBJC_LITERAL_CONVERSION = YES;
				CLANG_WARN_OBJC_ROOT_CLASS = YES_ERROR;
				CLANG_WARN_RANGE_LOOP_ANALYSIS = YES;
				CLANG_WARN_STRICT_PROTOTYPES = YES;
				CLANG_WARN_SUSPICIOUS_MOVE = YES;
				CLANG_WARN_UNGUARDED_AVAILABILITY = YES_AGGRESSIVE;
				CLANG_WARN_UNREACHABLE_CODE = YES;
				CLANG_WARN__DUPLICATE_METHOD_MATCH = YES;
				CODE_SIGN_IDENTITY = "iPhone Developer";
				COPY_PHASE_STRIP = NO;
				DEBUG_INFORMATION_FORMAT = "dwarf-with-dsym";
				ENABLE_NS_ASSERTIONS = NO;
				ENABLE_STRICT_OBJC_MSGSEND = YES;
				GCC_C_LANGUAGE_STANDARD = gnu11;
				GCC_NO_COMMON_BLOCKS = YES;
				GCC_WARN_64_TO_32_BIT_CONVERSION = YES;
				GCC_WARN_ABOUT_RETURN_TYPE = YES_ERROR;
				GCC_WARN_UNDECLARED_SELECTOR = YES;
				GCC_WARN_UNINITIALIZED_AUTOS = YES_AGGRESSIVE;
				GCC_WARN_UNUSED_FUNCTION = YES;
				GCC_WARN_UNUSED_VARIABLE = YES;
				IPHONEOS_DEPLOYMENT_TARGET = 12.4;
				MTL_ENABLE_DEBUG_INFO = NO;
				MTL_FAST_MATH = YES;
				SDKROOT = iphoneos;
				SWIFT_COMPILATION_MODE = wholemodule;
				SWIFT_OPTIMIZATION_LEVEL = "-O";
				VALIDATE_PRODUCT = YES;
			};
			name = Release;
		};
		A505314A2305F79600EA26D9 /* Debug */ = {
			isa = XCBuildConfiguration;
			buildSettings = {
				ASSETCATALOG_COMPILER_APPICON_NAME = AppIcon;
				CODE_SIGN_STYLE = Automatic;
				DEVELOPMENT_TEAM = 5H77479UZ4;
				INFOPLIST_FILE = "$(SRCROOT)/PhotoShare/Resources/Info.plist";
				LD_RUNPATH_SEARCH_PATHS = (
					"$(inherited)",
					"@executable_path/Frameworks",
				);
				PRODUCT_BUNDLE_IDENTIFIER = com.michaelhmoore.PhotoShare;
				PRODUCT_NAME = "$(TARGET_NAME)";
				SWIFT_VERSION = 5.0;
				TARGETED_DEVICE_FAMILY = "1,2";
			};
			name = Debug;
		};
		A505314B2305F79600EA26D9 /* Release */ = {
			isa = XCBuildConfiguration;
			buildSettings = {
				ASSETCATALOG_COMPILER_APPICON_NAME = AppIcon;
				CODE_SIGN_STYLE = Automatic;
				DEVELOPMENT_TEAM = 5H77479UZ4;
				INFOPLIST_FILE = "$(SRCROOT)/PhotoShare/Resources/Info.plist";
				LD_RUNPATH_SEARCH_PATHS = (
					"$(inherited)",
					"@executable_path/Frameworks",
				);
				PRODUCT_BUNDLE_IDENTIFIER = com.michaelhmoore.PhotoShare;
				PRODUCT_NAME = "$(TARGET_NAME)";
				SWIFT_VERSION = 5.0;
				TARGETED_DEVICE_FAMILY = "1,2";
			};
			name = Release;
		};
/* End XCBuildConfiguration section */

/* Begin XCConfigurationList section */
		A50531322305F79500EA26D9 /* Build configuration list for PBXProject "PhotoShare" */ = {
			isa = XCConfigurationList;
			buildConfigurations = (
				A50531472305F79600EA26D9 /* Debug */,
				A50531482305F79600EA26D9 /* Release */,
			);
			defaultConfigurationIsVisible = 0;
			defaultConfigurationName = Release;
		};
		A50531492305F79600EA26D9 /* Build configuration list for PBXNativeTarget "PhotoShare" */ = {
			isa = XCConfigurationList;
			buildConfigurations = (
				A505314A2305F79600EA26D9 /* Debug */,
				A505314B2305F79600EA26D9 /* Release */,
			);
			defaultConfigurationIsVisible = 0;
			defaultConfigurationName = Release;
		};
/* End XCConfigurationList section */
	};
	rootObject = A505312F2305F79500EA26D9 /* Project object */;
}
